
Microsoft Visual Studio Solution File, Format Version 12.00
# Visual Studio Version 17
VisualStudioVersion = 17.0.31903.59
MinimumVisualStudioVersion = 10.0.40219.1
Project("{2150E333-8FDC-42A3-9474-1A3956D46DE8}") = "src", "src", "{827E0CD3-B72D-47B6-A68D-7590B98EB39B}"
EndProject
Project("{FAE04EC0-301F-11D3-BF4B-00C04F79EFBC}") = "ProductService.Domain", "src\ProductService.Domain\ProductService.Domain.csproj", "{0F5A3810-EE21-4F6B-8DE0-B6D7276E4168}"
EndProject
Project("{FAE04EC0-301F-11D3-BF4B-00C04F79EFBC}") = "ProductService.Application", "src\ProductService.Application\ProductService.Application.csproj", "{20A494E3-C59F-43FE-8CC0-41C42F67F06E}"
EndProject
Project("{FAE04EC0-301F-11D3-BF4B-00C04F79EFBC}") = "ProductService.Infrastructure", "src\ProductService.Infrastructure\ProductService.Infrastructure.csproj", "{D5F455F5-D8FD-4B01-A57E-FDB20C7804D4}"
EndProject
Project("{FAE04EC0-301F-11D3-BF4B-00C04F79EFBC}") = "ProductService.API", "src\ProductService.API\ProductService.API.csproj", "{84B01537-3623-42F8-9EB3-ED2CF80B90A0}"
EndProject
Global
	GlobalSection(SolutionConfigurationPlatforms) = preSolution
		Debug|Any CPU = Debug|Any CPU
		Debug|x64 = Debug|x64
		Debug|x86 = Debug|x86
		Release|Any CPU = Release|Any CPU
		Release|x64 = Release|x64
		Release|x86 = Release|x86
	EndGlobalSection
	GlobalSection(ProjectConfigurationPlatforms) = postSolution
		{0F5A3810-EE21-4F6B-8DE0-B6D7276E4168}.Debug|Any CPU.ActiveCfg = Debug|Any CPU
		{0F5A3810-EE21-4F6B-8DE0-B6D7276E4168}.Debug|Any CPU.Build.0 = Debug|Any CPU
		{0F5A3810-EE21-4F6B-8DE0-B6D7276E4168}.Debug|x64.ActiveCfg = Debug|Any CPU
		{0F5A3810-EE21-4F6B-8DE0-B6D7276E4168}.Debug|x64.Build.0 = Debug|Any CPU
		{0F5A3810-EE21-4F6B-8DE0-B6D7276E4168}.Debug|x86.ActiveCfg = Debug|Any CPU
		{0F5A3810-EE21-4F6B-8DE0-B6D7276E4168}.Debug|x86.Build.0 = Debug|Any CPU
		{0F5A3810-EE21-4F6B-8DE0-B6D7276E4168}.Release|Any CPU.ActiveCfg = Release|Any CPU
		{0F5A3810-EE21-4F6B-8DE0-B6D7276E4168}.Release|Any CPU.Build.0 = Release|Any CPU
		{0F5A3810-EE21-4F6B-8DE0-B6D7276E4168}.Release|x64.ActiveCfg = Release|Any CPU
		{0F5A3810-EE21-4F6B-8DE0-B6D7276E4168}.Release|x64.Build.0 = Release|Any CPU
		{0F5A3810-EE21-4F6B-8DE0-B6D7276E4168}.Release|x86.ActiveCfg = Release|Any CPU
		{0F5A3810-EE21-4F6B-8DE0-B6D7276E4168}.Release|x86.Build.0 = Release|Any CPU
		{20A494E3-C59F-43FE-8CC0-41C42F67F06E}.Debug|Any CPU.ActiveCfg = Debug|Any CPU
		{20A494E3-C59F-43FE-8CC0-41C42F67F06E}.Debug|Any CPU.Build.0 = Debug|Any CPU
		{20A494E3-C59F-43FE-8CC0-41C42F67F06E}.Debug|x64.ActiveCfg = Debug|Any CPU
		{20A494E3-C59F-43FE-8CC0-41C42F67F06E}.Debug|x64.Build.0 = Debug|Any CPU
		{20A494E3-C59F-43FE-8CC0-41C42F67F06E}.Debug|x86.ActiveCfg = Debug|Any CPU
		{20A494E3-C59F-43FE-8CC0-41C42F67F06E}.Debug|x86.Build.0 = Debug|Any CPU
		{20A494E3-C59F-43FE-8CC0-41C42F67F06E}.Release|Any CPU.ActiveCfg = Release|Any CPU
		{20A494E3-C59F-43FE-8CC0-41C42F67F06E}.Release|Any CPU.Build.0 = Release|Any CPU
		{20A494E3-C59F-43FE-8CC0-41C42F67F06E}.Release|x64.ActiveCfg = Release|Any CPU
		{20A494E3-C59F-43FE-8CC0-41C42F67F06E}.Release|x64.Build.0 = Release|Any CPU
		{20A494E3-C59F-43FE-8CC0-41C42F67F06E}.Release|x86.ActiveCfg = Release|Any CPU
		{20A494E3-C59F-43FE-8CC0-41C42F67F06E}.Release|x86.Build.0 = Release|Any CPU
		{D5F455F5-D8FD-4B01-A57E-FDB20C7804D4}.Debug|Any CPU.ActiveCfg = Debug|Any CPU
		{D5F455F5-D8FD-4B01-A57E-FDB20C7804D4}.Debug|Any CPU.Build.0 = Debug|Any CPU
		{D5F455F5-D8FD-4B01-A57E-FDB20C7804D4}.Debug|x64.ActiveCfg = Debug|Any CPU
		{D5F455F5-D8FD-4B01-A57E-FDB20C7804D4}.Debug|x64.Build.0 = Debug|Any CPU
		{D5F455F5-D8FD-4B01-A57E-FDB20C7804D4}.Debug|x86.ActiveCfg = Debug|Any CPU
		{D5F455F5-D8FD-4B01-A57E-FDB20C7804D4}.Debug|x86.Build.0 = Debug|Any CPU
		{D5F455F5-D8FD-4B01-A57E-FDB20C7804D4}.Release|Any CPU.ActiveCfg = Release|Any CPU
		{D5F455F5-D8FD-4B01-A57E-FDB20C7804D4}.Release|Any CPU.Build.0 = Release|Any CPU
		{D5F455F5-D8FD-4B01-A57E-FDB20C7804D4}.Release|x64.ActiveCfg = Release|Any CPU
		{D5F455F5-D8FD-4B01-A57E-FDB20C7804D4}.Release|x64.Build.0 = Release|Any CPU
		{D5F455F5-D8FD-4B01-A57E-FDB20C7804D4}.Release|x86.ActiveCfg = Release|Any CPU
		{D5F455F5-D8FD-4B01-A57E-FDB20C7804D4}.Release|x86.Build.0 = Release|Any CPU
		{84B01537-3623-42F8-9EB3-ED2CF80B90A0}.Debug|Any CPU.ActiveCfg = Debug|Any CPU
		{84B01537-3623-42F8-9EB3-ED2CF80B90A0}.Debug|Any CPU.Build.0 = Debug|Any CPU
		{84B01537-3623-42F8-9EB3-ED2CF80B90A0}.Debug|x64.ActiveCfg = Debug|Any CPU
		{84B01537-3623-42F8-9EB3-ED2CF80B90A0}.Debug|x64.Build.0 = Debug|Any CPU
		{84B01537-3623-42F8-9EB3-ED2CF80B90A0}.Debug|x86.ActiveCfg = Debug|Any CPU
		{84B01537-3623-42F8-9EB3-ED2CF80B90A0}.Debug|x86.Build.0 = Debug|Any CPU
		{84B01537-3623-42F8-9EB3-ED2CF80B90A0}.Release|Any CPU.ActiveCfg = Release|Any CPU
		{84B01537-3623-42F8-9EB3-ED2CF80B90A0}.Release|Any CPU.Build.0 = Release|Any CPU
		{84B01537-3623-42F8-9EB3-ED2CF80B90A0}.Release|x64.ActiveCfg = Release|Any CPU
		{84B01537-3623-42F8-9EB3-ED2CF80B90A0}.Release|x64.Build.0 = Release|Any CPU
		{84B01537-3623-42F8-9EB3-ED2CF80B90A0}.Release|x86.ActiveCfg = Release|Any CPU
		{84B01537-3623-42F8-9EB3-ED2CF80B90A0}.Release|x86.Build.0 = Release|Any CPU
	EndGlobalSection
	GlobalSection(SolutionProperties) = preSolution
		HideSolutionNode = FALSE
	EndGlobalSection
	GlobalSection(NestedProjects) = preSolution
		{0F5A3810-EE21-4F6B-8DE0-B6D7276E4168} = {827E0CD3-B72D-47B6-A68D-7590B98EB39B}
		{20A494E3-C59F-43FE-8CC0-41C42F67F06E} = {827E0CD3-B72D-47B6-A68D-7590B98EB39B}
		{D5F455F5-D8FD-4B01-A57E-FDB20C7804D4} = {827E0CD3-B72D-47B6-A68D-7590B98EB39B}
		{84B01537-3623-42F8-9EB3-ED2CF80B90A0} = {827E0CD3-B72D-47B6-A68D-7590B98EB39B}
	EndGlobalSection
EndGlobal
